// !$*UTF8*$!
{
	archiveVersion = 1;
	classes = {
	};
	objectVersion = 46;
	objects = {

/* Begin PBXBuildFile section */
		A51970621DA7DFD6001F5CD8 /* main.m in Sources */ = {isa = PBXBuildFile; fileRef = A51970611DA7DFD6001F5CD8 /* main.m */; };
		A51970651DA7DFD7001F5CD8 /* AppDelegate.m in Sources */ = {isa = PBXBuildFile; fileRef = A51970641DA7DFD7001F5CD8 /* AppDelegate.m */; };
		A51970681DA7DFD7001F5CD8 /* ViewController.m in Sources */ = {isa = PBXBuildFile; fileRef = A51970671DA7DFD7001F5CD8 /* ViewController.m */; };
		A519706B1DA7DFD7001F5CD8 /* Main.storyboard in Resources */ = {isa = PBXBuildFile; fileRef = A51970691DA7DFD7001F5CD8 /* Main.storyboard */; };
		A519706D1DA7DFD7001F5CD8 /* Assets.xcassets in Resources */ = {isa = PBXBuildFile; fileRef = A519706C1DA7DFD7001F5CD8 /* Assets.xcassets */; };
		A51970701DA7DFD7001F5CD8 /* LaunchScreen.storyboard in Resources */ = {isa = PBXBuildFile; fileRef = A519706E1DA7DFD7001F5CD8 /* LaunchScreen.storyboard */; };
/* End PBXBuildFile section */

/* Begin PBXFileReference section */
		A519705D1DA7DFD6001F5CD8 /* TestRotation.app */ = {isa = PBXFileReference; explicitFileType = wrapper.application; includeInIndex = 0; path = TestRotation.app; sourceTree = BUILT_PRODUCTS_DIR; };
		A51970611DA7DFD6001F5CD8 /* main.m */ = {isa = PBXFileReference; lastKnownFileType = sourcecode.c.objc; path = main.m; sourceTree = "<group>"; };
		A51970631DA7DFD6001F5CD8 /* AppDelegate.h */ = {isa = PBXFileReference; lastKnownFileType = sourcecode.c.h; path = AppDelegate.h; sourceTree = "<group>"; };
		A51970641DA7DFD7001F5CD8 /* AppDelegate.m */ = {isa = PBXFileReference; lastKnownFileType = sourcecode.c.objc; path = AppDelegate.m; sourceTree = "<group>"; };
		A51970661DA7DFD7001F5CD8 /* ViewController.h */ = {isa = PBXFileReference; lastKnownFileType = sourcecode.c.h; path = ViewController.h; sourceTree = "<group>"; };
		A51970671DA7DFD7001F5CD8 /* ViewController.m */ = {isa = PBXFileReference; lastKnownFileType = sourcecode.c.objc; path = ViewController.m; sourceTree = "<group>"; };
		A519706A1DA7DFD7001F5CD8 /* Base */ = {isa = PBXFileReference; lastKnownFileType = file.storyboard; name = Base; path = Base.lproj/Main.storyboard; sourceTree = "<group>"; };
		A519706C1DA7DFD7001F5CD8 /* Assets.xcassets */ = {isa = PBXFileReference; lastKnownFileType = folder.assetcatalog; path = Assets.xcassets; sourceTree = "<group>"; };
		A519706F1DA7DFD7001F5CD8 /* Base */ = {isa = PBXFileReference; lastKnownFileType = file.storyboard; name = Base; path = Base.lproj/LaunchScreen.storyboard; sourceTree = "<group>"; };
		A51970711DA7DFD8001F5CD8 /* Info.plist */ = {isa = PBXFileReference; lastKnownFileType = text.plist.xml; path = Info.plist; sourceTree = "<group>"; };
/* End PBXFileReference section */

/* Begin PBXFrameworksBuildPhase section */
		A519705A1DA7DFD6001F5CD8 /* Frameworks */ = {
			isa = PBXFrameworksBuildPhase;
			buildActionMask = 2147483647;
			files = (
			);
			runOnlyForDeploymentPostprocessing = 0;
		};
/* End PBXFrameworksBuildPhase section */

/* Begin PBXGroup section */
		A51970541DA7DFD6001F5CD8 = {
			isa = PBXGroup;
			children = (
				A519705F1DA7DFD6001F5CD8 /* TestRotation */,
				A519705E1DA7DFD6001F5CD8 /* Products */,
			);
			sourceTree = "<group>";
		};
		A519705E1DA7DFD6001F5CD8 /* Products */ = {
			isa = PBXGroup;
			children = (
				A519705D1DA7DFD6001F5CD8 /* TestRotation.app */,
			);
			name = Products;
			sourceTree = "<group>";
		};
		A519705F1DA7DFD6001F5CD8 /* TestRotation */ = {
			isa = PBXGroup;
			children = (
				A51970631DA7DFD6001F5CD8 /* AppDelegate.h */,
				A51970641DA7DFD7001F5CD8 /* AppDelegate.m */,
				A51970661DA7DFD7001F5CD8 /* ViewController.h */,
				A51970671DA7DFD7001F5CD8 /* ViewController.m */,
				A51970691DA7DFD7001F5CD8 /* Main.storyboard */,
				A519706C1DA7DFD7001F5CD8 /* Assets.xcassets */,
				A519706E1DA7DFD7001F5CD8 /* LaunchScreen.storyboard */,
				A51970711DA7DFD8001F5CD8 /* Info.plist */,
				A51970601DA7DFD6001F5CD8 /* Supporting Files */,
			);
			path = TestRotation;
			sourceTree = "<group>";
		};
		A51970601DA7DFD6001F5CD8 /* Supporting Files */ = {
			isa = PBXGroup;
			children = (
				A51970611DA7DFD6001F5CD8 /* main.m */,
			);
			name = "Supporting Files";
			sourceTree = "<group>";
		};
/* End PBXGroup section */

/* Begin PBXNativeTarget section */
		A519705C1DA7DFD6001F5CD8 /* TestRotation */ = {
			isa = PBXNativeTarget;
			buildConfigurationList = A51970741DA7DFD8001F5CD8 /* Build configuration list for PBXNativeTarget "TestRotation" */;
			buildPhases = (
				A51970591DA7DFD6001F5CD8 /* Sources */,
				A519705A1DA7DFD6001F5CD8 /* Frameworks */,
				A519705B1DA7DFD6001F5CD8 /* Resources */,
			);
			buildRules = (
			);
			dependencies = (
			);
			name = TestRotation;
			productName = TestRotation;
			productReference = A519705D1DA7DFD6001F5CD8 /* TestRotation.app */;
			productType = "com.apple.product-type.application";
		};
/* End PBXNativeTarget section */

/* Begin PBXProject section */
		A51970551DA7DFD6001F5CD8 /* Project object */ = {
			isa = PBXProject;
			attributes = {
				LastUpgradeCheck = 0800;
				ORGANIZATIONNAME = Sergey;
				TargetAttributes = {
					A519705C1DA7DFD6001F5CD8 = {
						CreatedOnToolsVersion = 8.0;
						ProvisioningStyle = Automatic;
					};
				};
			};
			buildConfigurationList = A51970581DA7DFD6001F5CD8 /* Build configuration list for PBXProject "TestRotation" */;
			compatibilityVersion = "Xcode 3.2";
			developmentRegion = English;
			hasScannedForEncodings = 0;
			knownRegions = (
				en,
				Base,
			);
			mainGroup = A51970541DA7DFD6001F5CD8;
			productRefGroup = A519705E1DA7DFD6001F5CD8 /* Products */;
			projectDirPath = "";
			projectRoot = "";
			targets = (
				A519705C1DA7DFD6001F5CD8 /* TestRotation */,
			);
		};
/* End PBXProject section */

/* Begin PBXResourcesBuildPhase section */
		A519705B1DA7DFD6001F5CD8 /* Resources */ = {
			isa = PBXResourcesBuildPhase;
			buildActionMask = 2147483647;
			files = (
				A51970701DA7DFD7001F5CD8 /* LaunchScreen.storyboard in Resources */,
				A519706D1DA7DFD7001F5CD8 /* Assets.xcassets in Resources */,
				A519706B1DA7DFD7001F5CD8 /* Main.storyboard in Resources */,
			);
			runOnlyForDeploymentPostprocessing = 0;
		};
/* End PBXResourcesBuildPhase section */

/* Begin PBXSourcesBuildPhase section */
		A51970591DA7DFD6001F5CD8 /* Sources */ = {
			isa = PBXSourcesBuildPhase;
			buildActionMask = 2147483647;
			files = (
				A51970681DA7DFD7001F5CD8 /* ViewController.m in Sources */,
				A51970651DA7DFD7001F5CD8 /* AppDelegate.m in Sources */,
				A51970621DA7DFD6001F5CD8 /* main.m in Sources */,
			);
			runOnlyForDeploymentPostprocessing = 0;
		};
/* End PBXSourcesBuildPhase section */

/* Begin PBXVariantGroup section */
		A51970691DA7DFD7001F5CD8 /* Main.storyboard */ = {
			isa = PBXVariantGroup;
			children = (
				A519706A1DA7DFD7001F5CD8 /* Base */,
			);
			name = Main.storyboard;
			sourceTree = "<group>";
		};
		A519706E1DA7DFD7001F5CD8 /* LaunchScreen.storyboard */ = {
			isa = PBXVariantGroup;
			children = (
				A519706F1DA7DFD7001F5CD8 /* Base */,
			);
			name = LaunchScreen.storyboard;
			sourceTree = "<group>";
		};
/* End PBXVariantGroup section */

/* Begin XCBuildConfiguration section */
		A51970721DA7DFD8001F5CD8 /* Debug */ = {
			isa = XCBuildConfiguration;
			buildSettings = {
				ALWAYS_SEARCH_USER_PATHS = NO;
				CLANG_ANALYZER_NONNULL = YES;
				CLANG_CXX_LANGUAGE_STANDARD = "gnu++0x";
				CLANG_CXX_LIBRARY = "libc++";
				CLANG_ENABLE_MODULES = YES;
				CLANG_ENABLE_OBJC_ARC = YES;
				CLANG_WARN_BOOL_CONVERSION = YES;
				CLANG_WARN_CONSTANT_CONVERSION = YES;
				CLANG_WARN_DIRECT_OBJC_ISA_USAGE = YES_ERROR;
				CLANG_WARN_DOCUMENTATION_COMMENTS = YES;
				CLANG_WARN_EMPTY_BODY = YES;
				CLANG_WARN_ENUM_CONVERSION = YES;
				CLANG_WARN_INFINITE_RECURSION = YES;
				CLANG_WARN_INT_CONVERSION = YES;
				CLANG_WARN_OBJC_ROOT_CLASS = YES_ERROR;
				CLANG_WARN_SUSPICIOUS_MOVES = YES;
				CLANG_WARN_UNREACHABLE_CODE = YES;
				CLANG_WARN__DUPLICATE_METHOD_MATCH = YES;
				"CODE_SIGN_IDENTITY[sdk=iphoneos*]" = "iPhone Developer";
				COPY_PHASE_STRIP = NO;
				DEBUG_INFORMATION_FORMAT = dwarf;
				ENABLE_STRICT_OBJC_MSGSEND = YES;
				ENABLE_TESTABILITY = YES;
				GCC_C_LANGUAGE_STANDARD = gnu99;
				GCC_DYNAMIC_NO_PIC = NO;
				GCC_NO_COMMON_BLOCKS = YES;
				GCC_OPTIMIZATION_LEVEL = 0;
				GCC_PREPROCESSOR_DEFINITIONS = (
					"DEBUG=1",
					"$(inherited)",
				);
				GCC_WARN_64_TO_32_BIT_CONVERSION = YES;
				GCC_WARN_ABOUT_RETURN_TYPE = YES_ERROR;
				GCC_WARN_UNDECLARED_SELECTOR = YES;
				GCC_WARN_UNINITIALIZED_AUTOS = YES_AGGRESSIVE;
				GCC_WARN_UNUSED_FUNCTION = YES;
				GCC_WARN_UNUSED_VARIABLE = YES;
				IPHONEOS_DEPLOYMENT_TARGET = 10.0;
				MTL_ENABLE_DEBUG_INFO = YES;
				ONLY_ACTIVE_ARCH = YES;
				SDKROOT = iphoneos;
				TARGETED_DEVICE_FAMILY = "1,2";
			};
			name = Debug;
		};
		A51970731DA7DFD8001F5CD8 /* Release */ = {
			isa = XCBuildConfiguration;
			buildSettings = {
				ALWAYS_SEARCH_USER_PATHS = NO;
				CLANG_ANALYZER_NONNULL = YES;
				CLANG_CXX_LANGUAGE_STANDARD = "gnu++0x";
				CLANG_CXX_LIBRARY = "libc++";
				CLANG_ENABLE_MODULES = YES;
				CLANG_ENABLE_OBJC_ARC = YES;
				CLANG_WARN_BOOL_CONVERSION = YES;
				CLANG_WARN_CONSTANT_CONVERSION = YES;
				CLANG_WARN_DIRECT_OBJC_ISA_USAGE = YES_ERROR;
				CLANG_WARN_DOCUMENTATION_COMMENTS = YES;
				CLANG_WARN_EMPTY_BODY = YES;
				CLANG_WARN_ENUM_CONVERSION = YES;
				CLANG_WARN_INFINITE_RECURSION = YES;
				CLANG_WARN_INT_CONVERSION = YES;
				CLANG_WARN_OBJC_ROOT_CLASS = YES_ERROR;
				CLANG_WARN_SUSPICIOUS_MOVES = YES;
				CLANG_WARN_UNREACHABLE_CODE = YES;
				CLANG_WARN__DUPLICATE_METHOD_MATCH = YES;
				"CODE_SIGN_IDENTITY[sdk=iphoneos*]" = "iPhone Developer";
				COPY_PHASE_STRIP = NO;
				DEBUG_INFORMATION_FORMAT = "dwarf-with-dsym";
				ENABLE_NS_ASSERTIONS = NO;
				ENABLE_STRICT_OBJC_MSGSEND = YES;
				GCC_C_LANGUAGE_STANDARD = gnu99;
				GCC_NO_COMMON_BLOCKS = YES;
				GCC_WARN_64_TO_32_BIT_CONVERSION = YES;
				GCC_WARN_ABOUT_RETURN_TYPE = YES_ERROR;
				GCC_WARN_UNDECLARED_SELECTOR = YES;
				GCC_WARN_UNINITIALIZED_AUTOS = YES_AGGRESSIVE;
				GCC_WARN_UNUSED_FUNCTION = YES;
				GCC_WARN_UNUSED_VARIABLE = YES;
				IPHONEOS_DEPLOYMENT_TARGET = 10.0;
				MTL_ENABLE_DEBUG_INFO = NO;
				SDKROOT = iphoneos;
				TARGETED_DEVICE_FAMILY = "1,2";
				VALIDATE_PRODUCT = YES;
			};
			name = Release;
		};
		A51970751DA7DFD8001F5CD8 /* Debug */ = {
			isa = XCBuildConfiguration;
			buildSettings = {
				ASSETCATALOG_COMPILER_APPICON_NAME = AppIcon;
				INFOPLIST_FILE = TestRotation/Info.plist;
				LD_RUNPATH_SEARCH_PATHS = "$(inherited) @executable_path/Frameworks";
				PRODUCT_BUNDLE_IDENTIFIER = com.TestRotation;
				PRODUCT_NAME = "$(TARGET_NAME)";
			};
			name = Debug;
		};
		A51970761DA7DFD8001F5CD8 /* Release */ = {
			isa = XCBuildConfiguration;
			buildSettings = {
				ASSETCATALOG_COMPILER_APPICON_NAME = AppIcon;
				INFOPLIST_FILE = TestRotation/Info.plist;
				LD_RUNPATH_SEARCH_PATHS = "$(inherited) @executable_path/Frameworks";
				PRODUCT_BUNDLE_IDENTIFIER = com.TestRotation;
				PRODUCT_NAME = "$(TARGET_NAME)";
			};
			name = Release;
		};
/* End XCBuildConfiguration section */

/* Begin XCConfigurationList section */
		A51970581DA7DFD6001F5CD8 /* Build configuration list for PBXProject "TestRotation" */ = {
			isa = XCConfigurationList;
			buildConfigurations = (
				A51970721DA7DFD8001F5CD8 /* Debug */,
				A51970731DA7DFD8001F5CD8 /* Release */,
			);
			defaultConfigurationIsVisible = 0;
			defaultConfigurationName = Release;
		};
		A51970741DA7DFD8001F5CD8 /* Build configuration list for PBXNativeTarget "TestRotation" */ = {
			isa = XCConfigurationList;
			buildConfigurations = (
				A51970751DA7DFD8001F5CD8 /* Debug */,
				A51970761DA7DFD8001F5CD8 /* Release */,
			);
			defaultConfigurationIsVisible = 0;
		};
/* End XCConfigurationList section */
	};
	rootObject = A51970551DA7DFD6001F5CD8 /* Project object */;
}
